
Microsoft Visual Studio Solution File, Format Version 12.00
# Visual Studio 15
VisualStudioVersion = 15.0.28307.136
MinimumVisualStudioVersion = 10.0.40219.1
Project("{FAE04EC0-301F-11D3-BF4B-00C04F79EFBC}") = "CoderByte_CheckNums", "CoderByte_CheckNums\CoderByte_CheckNums.csproj", "{83AACD23-D066-4A31-B8F7-31DEBECC80BC}"
EndProject
Global
	GlobalSection(SolutionConfigurationPlatforms) = preSolution
		Debug|Any CPU = Debug|Any CPU
		Release|Any CPU = Release|Any CPU
	EndGlobalSection
	GlobalSection(ProjectConfigurationPlatforms) = postSolution
		{83AACD23-D066-4A31-B8F7-31DEBECC80BC}.Debug|Any CPU.ActiveCfg = Debug|Any CPU
		{83AACD23-D066-4A31-B8F7-31DEBECC80BC}.Debug|Any CPU.Build.0 = Debug|Any CPU
		{83AACD23-D066-4A31-B8F7-31DEBECC80BC}.Release|Any CPU.ActiveCfg = Release|Any CPU
		{83AACD23-D066-4A31-B8F7-31DEBECC80BC}.Release|Any CPU.Build.0 = Release|Any CPU
	EndGlobalSection
	GlobalSection(SolutionProperties) = preSolution
		HideSolutionNode = FALSE
	EndGlobalSection
	GlobalSection(ExtensibilityGlobals) = postSolution
		SolutionGuid = {62F7FB3F-5820-411D-B002-5EB8C4FF19D6}
	EndGlobalSection
EndGlobal
